
Microsoft Visual Studio Solution File, Format Version 12.00
# Visual Studio Version 17
VisualStudioVersion = 17.2.32519.379
MinimumVisualStudioVersion = 10.0.40219.1
Project("{9A19103F-16F7-4668-BE54-9A1E7A4F7556}") = "worksheet1", "worksheet1\worksheet1.csproj", "{C0E6051D-57B9-4AB2-8994-11AC0265CC2B}"
EndProject
Project("{9A19103F-16F7-4668-BE54-9A1E7A4F7556}") = "Q1b", "Q1b\Q1b.csproj", "{829C831A-C5A9-42DE-A5F2-4432EF23D9EF}"
EndProject
Project("{9A19103F-16F7-4668-BE54-9A1E7A4F7556}") = "Q1c", "Q1c\Q1c.csproj", "{FB0D8917-7A7B-49F9-AEDF-E08A61D8F6A8}"
EndProject
Project("{9A19103F-16F7-4668-BE54-9A1E7A4F7556}") = "Q1d", "Q1d\Q1d.csproj", "{167E9F15-73DA-4CB0-A777-3A3FC05195E8}"
EndProject
Project("{FAE04EC0-301F-11D3-BF4B-00C04F79EFBC}") = "Q2", "Q2\Q2.csproj", "{73DC1956-4824-466C-88F1-8A7EC78EF5F4}"
EndProject
Project("{FAE04EC0-301F-11D3-BF4B-00C04F79EFBC}") = "Q3", "Q3\Q3.csproj", "{379C37E5-9252-4EBD-B4E4-FE7007542F2B}"
EndProject
Global
	GlobalSection(SolutionConfigurationPlatforms) = preSolution
		Debug|Any CPU = Debug|Any CPU
		Release|Any CPU = Release|Any CPU
	EndGlobalSection
	GlobalSection(ProjectConfigurationPlatforms) = postSolution
		{C0E6051D-57B9-4AB2-8994-11AC0265CC2B}.Debug|Any CPU.ActiveCfg = Debug|Any CPU
		{C0E6051D-57B9-4AB2-8994-11AC0265CC2B}.Debug|Any CPU.Build.0 = Debug|Any CPU
		{C0E6051D-57B9-4AB2-8994-11AC0265CC2B}.Release|Any CPU.ActiveCfg = Release|Any CPU
		{C0E6051D-57B9-4AB2-8994-11AC0265CC2B}.Release|Any CPU.Build.0 = Release|Any CPU
		{829C831A-C5A9-42DE-A5F2-4432EF23D9EF}.Debug|Any CPU.ActiveCfg = Debug|Any CPU
		{829C831A-C5A9-42DE-A5F2-4432EF23D9EF}.Debug|Any CPU.Build.0 = Debug|Any CPU
		{829C831A-C5A9-42DE-A5F2-4432EF23D9EF}.Release|Any CPU.ActiveCfg = Release|Any CPU
		{829C831A-C5A9-42DE-A5F2-4432EF23D9EF}.Release|Any CPU.Build.0 = Release|Any CPU
		{FB0D8917-7A7B-49F9-AEDF-E08A61D8F6A8}.Debug|Any CPU.ActiveCfg = Debug|Any CPU
		{FB0D8917-7A7B-49F9-AEDF-E08A61D8F6A8}.Debug|Any CPU.Build.0 = Debug|Any CPU
		{FB0D8917-7A7B-49F9-AEDF-E08A61D8F6A8}.Release|Any CPU.ActiveCfg = Release|Any CPU
		{FB0D8917-7A7B-49F9-AEDF-E08A61D8F6A8}.Release|Any CPU.Build.0 = Release|Any CPU
		{167E9F15-73DA-4CB0-A777-3A3FC05195E8}.Debug|Any CPU.ActiveCfg = Debug|Any CPU
		{167E9F15-73DA-4CB0-A777-3A3FC05195E8}.Debug|Any CPU.Build.0 = Debug|Any CPU
		{167E9F15-73DA-4CB0-A777-3A3FC05195E8}.Release|Any CPU.ActiveCfg = Release|Any CPU
		{167E9F15-73DA-4CB0-A777-3A3FC05195E8}.Release|Any CPU.Build.0 = Release|Any CPU
		{73DC1956-4824-466C-88F1-8A7EC78EF5F4}.Debug|Any CPU.ActiveCfg = Debug|Any CPU
		{73DC1956-4824-466C-88F1-8A7EC78EF5F4}.Debug|Any CPU.Build.0 = Debug|Any CPU
		{73DC1956-4824-466C-88F1-8A7EC78EF5F4}.Release|Any CPU.ActiveCfg = Release|Any CPU
		{73DC1956-4824-466C-88F1-8A7EC78EF5F4}.Release|Any CPU.Build.0 = Release|Any CPU
		{379C37E5-9252-4EBD-B4E4-FE7007542F2B}.Debug|Any CPU.ActiveCfg = Debug|Any CPU
		{379C37E5-9252-4EBD-B4E4-FE7007542F2B}.Debug|Any CPU.Build.0 = Debug|Any CPU
		{379C37E5-9252-4EBD-B4E4-FE7007542F2B}.Release|Any CPU.ActiveCfg = Release|Any CPU
		{379C37E5-9252-4EBD-B4E4-FE7007542F2B}.Release|Any CPU.Build.0 = Release|Any CPU
	EndGlobalSection
	GlobalSection(SolutionProperties) = preSolution
		HideSolutionNode = FALSE
	EndGlobalSection
	GlobalSection(ExtensibilityGlobals) = postSolution
		SolutionGuid = {977C6EF7-5819-461B-9327-A127A4505A61}
	EndGlobalSection
EndGlobal
